
Microsoft Visual Studio Solution File, Format Version 12.00
# Visual Studio Version 17
VisualStudioVersion = 17.2.32602.215
MinimumVisualStudioVersion = 10.0.40219.1
Project("{FAE04EC0-301F-11D3-BF4B-00C04F79EFBC}") = "ITD", "ITD\ITD.csproj", "{5DA80E45-4371-4483-8F57-E309238C0298}"
EndProject
Global
	GlobalSection(SolutionConfigurationPlatforms) = preSolution
		Debug|Any CPU = Debug|Any CPU
		Release|Any CPU = Release|Any CPU
	EndGlobalSection
	GlobalSection(ProjectConfigurationPlatforms) = postSolution
		{5DA80E45-4371-4483-8F57-E309238C0298}.Debug|Any CPU.ActiveCfg = Debug|Any CPU
		{5DA80E45-4371-4483-8F57-E309238C0298}.Debug|Any CPU.Build.0 = Debug|Any CPU
		{5DA80E45-4371-4483-8F57-E309238C0298}.Release|Any CPU.ActiveCfg = Release|Any CPU
		{5DA80E45-4371-4483-8F57-E309238C0298}.Release|Any CPU.Build.0 = Release|Any CPU
	EndGlobalSection
	GlobalSection(SolutionProperties) = preSolution
		HideSolutionNode = FALSE
	EndGlobalSection
	GlobalSection(ExtensibilityGlobals) = postSolution
		SolutionGuid = {07E16027-C186-4D1C-8AFF-89EFE3EC421F}
	EndGlobalSection
EndGlobal
